{
  "nodes": {
    "flake-utils": {
      "inputs": {
        "systems": "systems"
      },
      "locked": {
        "lastModified": 1731533236,
        "narHash": "sha256-l0KFg5HjrsfsO/JpG+r7fRrqm12kzFHyUHqHCVpMMbI=",
        "owner": "numtide",
        "repo": "flake-utils",
        "rev": "11707dc2f618dd54ca8739b309ec4fc024de578b",
        "type": "github"
      },
      "original": {
        "owner": "numtide",
        "repo": "flake-utils",
        "type": "github"
      }
    },
    "flake-utils_2": {
      "inputs": {
        "systems": "systems_2"
      },
      "locked": {
        "lastModified": 1731533236,
        "narHash": "sha256-l0KFg5HjrsfsO/JpG+r7fRrqm12kzFHyUHqHCVpMMbI=",
        "owner": "numtide",
        "repo": "flake-utils",
        "rev": "11707dc2f618dd54ca8739b309ec4fc024de578b",
        "type": "github"
      },
      "original": {
        "owner": "numtide",
        "repo": "flake-utils",
        "type": "github"
      }
    },
    "incl": {
      "inputs": {
        "nixlib": "nixlib"
      },
      "locked": {
        "lastModified": 1693483555,
        "narHash": "sha256-Beq4WhSeH3jRTZgC1XopTSU10yLpK1nmMcnGoXO0XYo=",
        "owner": "divnix",
        "repo": "incl",
        "rev": "526751ad3d1e23b07944b14e3f6b7a5948d3007b",
        "type": "github"
      },
      "original": {
        "owner": "divnix",
        "repo": "incl",
        "type": "github"
      }
    },
    "incline-nvim": {
      "flake": false,
      "locked": {
        "lastModified": 1715926410,
        "narHash": "sha256-5DoIvIdAZV7ZgmQO2XmbM3G+nNn4tAumsShoN3rDGrs=",
        "owner": "b0o",
        "repo": "incline.nvim",
        "rev": "16fc9c073e3ea4175b66ad94375df6d73fc114c0",
        "type": "github"
      },
      "original": {
        "owner": "b0o",
        "repo": "incline.nvim",
        "type": "github"
      }
    },
    "neovim-flake": {
      "inputs": {
        "flake-utils": "flake-utils_2",
        "incl": "incl",
        "incline-nvim": "incline-nvim",
        "nixpkgs": [
          "nixpkgs"
        ]
      },
      "locked": {
        "lastModified": 1733026111,
        "narHash": "sha256-ALH1vVe00+338K/GedVJ2u3L351nIEPv9lL3c8pHml8=",
        "owner": "hasundue",
        "repo": "neovim-flake",
        "rev": "84e93d02b98538789cb61676a27cbedf36facc52",
        "type": "github"
      },
      "original": {
        "owner": "hasundue",
        "repo": "neovim-flake",
        "type": "github"
      }
    },
    "nixlib": {
      "locked": {
        "lastModified": 1667696192,
        "narHash": "sha256-hOdbIhnpWvtmVynKcsj10nxz9WROjZja+1wRAJ/C9+s=",
        "owner": "nix-community",
        "repo": "nixpkgs.lib",
        "rev": "babd9cd2ca6e413372ed59fbb1ecc3c3a5fd3e5b",
        "type": "github"
      },
      "original": {
        "owner": "nix-community",
        "repo": "nixpkgs.lib",
        "type": "github"
      }
    },
    "nixpkgs": {
      "locked": {
        "lastModified": 1732837521,
        "narHash": "sha256-jNRNr49UiuIwaarqijgdTR2qLPifxsVhlJrKzQ8XUIE=",
        "owner": "nixos",
        "repo": "nixpkgs",
        "rev": "970e93b9f82e2a0f3675757eb0bfc73297cc6370",
        "type": "github"
      },
      "original": {
        "owner": "nixos",
        "ref": "nixos-unstable",
        "repo": "nixpkgs",
        "type": "github"
      }
    },
    "root": {
      "inputs": {
        "flake-utils": "flake-utils",
        "neovim-flake": "neovim-flake",
        "nixpkgs": "nixpkgs"
      }
    },
    "systems": {
      "locked": {
        "lastModified": 1681028828,
        "narHash": "sha256-Vy1rq5AaRuLzOxct8nz4T6wlgyUR7zLU309k9mBC768=",
        "owner": "nix-systems",
        "repo": "default",
        "rev": "da67096a3b9bf56a91d16901293e51ba5b49a27e",
        "type": "github"
      },
      "original": {
        "owner": "nix-systems",
        "repo": "default",
        "type": "github"
      }
    },
    "systems_2": {
      "locked": {
        "lastModified": 1681028828,
        "narHash": "sha256-Vy1rq5AaRuLzOxct8nz4T6wlgyUR7zLU309k9mBC768=",
        "owner": "nix-systems",
        "repo": "default",
        "rev": "da67096a3b9bf56a91d16901293e51ba5b49a27e",
        "type": "github"
      },
      "original": {
        "owner": "nix-systems",
        "repo": "default",
        "type": "github"
      }
    }
  },
  "root": "root",
  "version": 7
}
